
Microsoft Visual Studio Solution File, Format Version 12.00
# Visual Studio Version 16
VisualStudioVersion = 16.0.30611.23
MinimumVisualStudioVersion = 10.0.40219.1
Project("{FAE04EC0-301F-11D3-BF4B-00C04F79EFBC}") = "first-project-c-sharp", "first-project\first-project-c-sharp.csproj", "{1BE2685C-236F-4EBA-BA56-C7392FA1DA1C}"
EndProject
Global
	GlobalSection(SolutionConfigurationPlatforms) = preSolution
		Debug|Any CPU = Debug|Any CPU
		Release|Any CPU = Release|Any CPU
	EndGlobalSection
	GlobalSection(ProjectConfigurationPlatforms) = postSolution
		{1BE2685C-236F-4EBA-BA56-C7392FA1DA1C}.Debug|Any CPU.ActiveCfg = Debug|Any CPU
		{1BE2685C-236F-4EBA-BA56-C7392FA1DA1C}.Debug|Any CPU.Build.0 = Debug|Any CPU
		{1BE2685C-236F-4EBA-BA56-C7392FA1DA1C}.Release|Any CPU.ActiveCfg = Release|Any CPU
		{1BE2685C-236F-4EBA-BA56-C7392FA1DA1C}.Release|Any CPU.Build.0 = Release|Any CPU
	EndGlobalSection
	GlobalSection(SolutionProperties) = preSolution
		HideSolutionNode = FALSE
	EndGlobalSection
	GlobalSection(ExtensibilityGlobals) = postSolution
		SolutionGuid = {BB111F7C-9490-45CA-BEBE-910CCC3D91A4}
	EndGlobalSection
EndGlobal
